
Microsoft Visual Studio Solution File, Format Version 12.00
# Visual Studio 15
VisualStudioVersion = 15.0.27703.2042
MinimumVisualStudioVersion = 10.0.40219.1
Project("{FAE04EC0-301F-11D3-BF4B-00C04F79EFBC}") = "InstaMockApp.Android", "InstaMockApp\InstaMockApp.Android\InstaMockApp.Android.csproj", "{48B40A49-7059-4C9E-9102-0B5AB5D44372}"
EndProject
Project("{FAE04EC0-301F-11D3-BF4B-00C04F79EFBC}") = "InstaMockApp", "InstaMockApp\InstaMockApp\InstaMockApp.csproj", "{F490D988-F505-405D-9961-848B83D59C05}"
EndProject
Global
	GlobalSection(SolutionConfigurationPlatforms) = preSolution
		Debug|Any CPU = Debug|Any CPU
		Release|Any CPU = Release|Any CPU
	EndGlobalSection
	GlobalSection(ProjectConfigurationPlatforms) = postSolution
		{48B40A49-7059-4C9E-9102-0B5AB5D44372}.Debug|Any CPU.ActiveCfg = Debug|Any CPU
		{48B40A49-7059-4C9E-9102-0B5AB5D44372}.Debug|Any CPU.Build.0 = Debug|Any CPU
		{48B40A49-7059-4C9E-9102-0B5AB5D44372}.Debug|Any CPU.Deploy.0 = Debug|Any CPU
		{48B40A49-7059-4C9E-9102-0B5AB5D44372}.Release|Any CPU.ActiveCfg = Release|Any CPU
		{48B40A49-7059-4C9E-9102-0B5AB5D44372}.Release|Any CPU.Build.0 = Release|Any CPU
		{48B40A49-7059-4C9E-9102-0B5AB5D44372}.Release|Any CPU.Deploy.0 = Release|Any CPU
		{F490D988-F505-405D-9961-848B83D59C05}.Debug|Any CPU.ActiveCfg = Debug|Any CPU
		{F490D988-F505-405D-9961-848B83D59C05}.Debug|Any CPU.Build.0 = Debug|Any CPU
		{F490D988-F505-405D-9961-848B83D59C05}.Debug|Any CPU.Deploy.0 = Debug|Any CPU
		{F490D988-F505-405D-9961-848B83D59C05}.Release|Any CPU.ActiveCfg = Release|Any CPU
		{F490D988-F505-405D-9961-848B83D59C05}.Release|Any CPU.Build.0 = Release|Any CPU
		{F490D988-F505-405D-9961-848B83D59C05}.Release|Any CPU.Deploy.0 = Release|Any CPU
	EndGlobalSection
	GlobalSection(SolutionProperties) = preSolution
		HideSolutionNode = FALSE
	EndGlobalSection
	GlobalSection(ExtensibilityGlobals) = postSolution
		SolutionGuid = {86AC6E3C-755F-418E-926E-9369717645E3}
	EndGlobalSection
EndGlobal
