
Microsoft Visual Studio Solution File, Format Version 12.00
# Visual Studio 15
VisualStudioVersion = 15.0.27703.2042
MinimumVisualStudioVersion = 10.0.40219.1
Project("{FAE04EC0-301F-11D3-BF4B-00C04F79EFBC}") = "MessagingCenterDemo.Android", "MessagingCenterDemo\MessagingCenterDemo.Android\MessagingCenterDemo.Android.csproj", "{0D9BE776-3FEC-471D-9904-4D81631EA107}"
EndProject
Project("{FAE04EC0-301F-11D3-BF4B-00C04F79EFBC}") = "MessagingCenterDemo", "MessagingCenterDemo\MessagingCenterDemo\MessagingCenterDemo.csproj", "{C3EA5812-1C9D-49CD-BE71-121FCDB3EA44}"
EndProject
Global
	GlobalSection(SolutionConfigurationPlatforms) = preSolution
		Debug|Any CPU = Debug|Any CPU
		Release|Any CPU = Release|Any CPU
	EndGlobalSection
	GlobalSection(ProjectConfigurationPlatforms) = postSolution
		{0D9BE776-3FEC-471D-9904-4D81631EA107}.Debug|Any CPU.ActiveCfg = Debug|Any CPU
		{0D9BE776-3FEC-471D-9904-4D81631EA107}.Debug|Any CPU.Build.0 = Debug|Any CPU
		{0D9BE776-3FEC-471D-9904-4D81631EA107}.Debug|Any CPU.Deploy.0 = Debug|Any CPU
		{0D9BE776-3FEC-471D-9904-4D81631EA107}.Release|Any CPU.ActiveCfg = Release|Any CPU
		{0D9BE776-3FEC-471D-9904-4D81631EA107}.Release|Any CPU.Build.0 = Release|Any CPU
		{0D9BE776-3FEC-471D-9904-4D81631EA107}.Release|Any CPU.Deploy.0 = Release|Any CPU
		{C3EA5812-1C9D-49CD-BE71-121FCDB3EA44}.Debug|Any CPU.ActiveCfg = Debug|Any CPU
		{C3EA5812-1C9D-49CD-BE71-121FCDB3EA44}.Debug|Any CPU.Build.0 = Debug|Any CPU
		{C3EA5812-1C9D-49CD-BE71-121FCDB3EA44}.Debug|Any CPU.Deploy.0 = Debug|Any CPU
		{C3EA5812-1C9D-49CD-BE71-121FCDB3EA44}.Release|Any CPU.ActiveCfg = Release|Any CPU
		{C3EA5812-1C9D-49CD-BE71-121FCDB3EA44}.Release|Any CPU.Build.0 = Release|Any CPU
		{C3EA5812-1C9D-49CD-BE71-121FCDB3EA44}.Release|Any CPU.Deploy.0 = Release|Any CPU
	EndGlobalSection
	GlobalSection(SolutionProperties) = preSolution
		HideSolutionNode = FALSE
	EndGlobalSection
	GlobalSection(ExtensibilityGlobals) = postSolution
		SolutionGuid = {DF3850AB-AADF-470E-9D80-68462F07CAF7}
	EndGlobalSection
EndGlobal
